
Microsoft Visual Studio Solution File, Format Version 12.00
# Visual Studio Version 16
VisualStudioVersion = 16.0.29709.97
MinimumVisualStudioVersion = 10.0.40219.1
Project("{FAE04EC0-301F-11D3-BF4B-00C04F79EFBC}") = "BlacksmithManagerWeb", "BlacksmithManagerWeb.csproj", "{DA7C9BC0-F4DF-46E2-825E-2F6FA871A403}"
EndProject
Global
	GlobalSection(SolutionConfigurationPlatforms) = preSolution
		Debug|Any CPU = Debug|Any CPU
		Release|Any CPU = Release|Any CPU
	EndGlobalSection
	GlobalSection(ProjectConfigurationPlatforms) = postSolution
		{DA7C9BC0-F4DF-46E2-825E-2F6FA871A403}.Debug|Any CPU.ActiveCfg = Debug|Any CPU
		{DA7C9BC0-F4DF-46E2-825E-2F6FA871A403}.Debug|Any CPU.Build.0 = Debug|Any CPU
		{DA7C9BC0-F4DF-46E2-825E-2F6FA871A403}.Release|Any CPU.ActiveCfg = Release|Any CPU
		{DA7C9BC0-F4DF-46E2-825E-2F6FA871A403}.Release|Any CPU.Build.0 = Release|Any CPU
	EndGlobalSection
	GlobalSection(SolutionProperties) = preSolution
		HideSolutionNode = FALSE
	EndGlobalSection
	GlobalSection(ExtensibilityGlobals) = postSolution
		SolutionGuid = {F1959035-E1DC-49B8-8465-DB33A1114AE9}
	EndGlobalSection
EndGlobal
